
Microsoft Visual Studio Solution File, Format Version 12.00
# Visual Studio 15
Project("{FAE04EC0-301F-11D3-BF4B-00C04F79EFBC}") = "HaveYourSay.Android", "HaveYourSay.Android\HaveYourSay.Android.csproj", "{BA98F161-473F-4FC6-873C-8FCFFBB86B48}"
EndProject
Project("{FAE04EC0-301F-11D3-BF4B-00C04F79EFBC}") = "HaveYourSay.iOS", "HaveYourSay.iOS\HaveYourSay.iOS.csproj", "{9F343AA2-FB82-4323-85C3-2C42B9B9773C}"
EndProject
Project("{FAE04EC0-301F-11D3-BF4B-00C04F79EFBC}") = "HaveYourSay.UITests", "HaveYourSay.UITests\HaveYourSay.UITests.csproj", "{B19C892E-2628-4CA7-AD27-08D406A3B14B}"
EndProject
Project("{FAE04EC0-301F-11D3-BF4B-00C04F79EFBC}") = "HaveYourSay", "HaveYourSay\HaveYourSay.csproj", "{4D5C91D6-6C2C-4EA5-9E48-9188A4875BCF}"
EndProject
Global
	GlobalSection(SolutionConfigurationPlatforms) = preSolution
		Debug|Any CPU = Debug|Any CPU
		Release|Any CPU = Release|Any CPU
		Debug|iPhoneSimulator = Debug|iPhoneSimulator
		Release|iPhoneSimulator = Release|iPhoneSimulator
		Debug|iPhone = Debug|iPhone
		Release|iPhone = Release|iPhone
		Ad-Hoc|iPhone = Ad-Hoc|iPhone
		AppStore|iPhone = AppStore|iPhone
	EndGlobalSection
	GlobalSection(ProjectConfigurationPlatforms) = postSolution
		{BA98F161-473F-4FC6-873C-8FCFFBB86B48}.Debug|Any CPU.ActiveCfg = Debug|Any CPU
		{BA98F161-473F-4FC6-873C-8FCFFBB86B48}.Debug|Any CPU.Build.0 = Debug|Any CPU
		{BA98F161-473F-4FC6-873C-8FCFFBB86B48}.Release|Any CPU.ActiveCfg = Release|Any CPU
		{BA98F161-473F-4FC6-873C-8FCFFBB86B48}.Release|Any CPU.Build.0 = Release|Any CPU
		{BA98F161-473F-4FC6-873C-8FCFFBB86B48}.Debug|iPhoneSimulator.ActiveCfg = Debug|Any CPU
		{BA98F161-473F-4FC6-873C-8FCFFBB86B48}.Debug|iPhoneSimulator.Build.0 = Debug|Any CPU
		{BA98F161-473F-4FC6-873C-8FCFFBB86B48}.Release|iPhoneSimulator.ActiveCfg = Release|Any CPU
		{BA98F161-473F-4FC6-873C-8FCFFBB86B48}.Release|iPhoneSimulator.Build.0 = Release|Any CPU
		{BA98F161-473F-4FC6-873C-8FCFFBB86B48}.Debug|iPhone.ActiveCfg = Debug|Any CPU
		{BA98F161-473F-4FC6-873C-8FCFFBB86B48}.Debug|iPhone.Build.0 = Debug|Any CPU
		{BA98F161-473F-4FC6-873C-8FCFFBB86B48}.Release|iPhone.ActiveCfg = Release|Any CPU
		{BA98F161-473F-4FC6-873C-8FCFFBB86B48}.Release|iPhone.Build.0 = Release|Any CPU
		{BA98F161-473F-4FC6-873C-8FCFFBB86B48}.Ad-Hoc|iPhone.ActiveCfg = Debug|Any CPU
		{BA98F161-473F-4FC6-873C-8FCFFBB86B48}.Ad-Hoc|iPhone.Build.0 = Debug|Any CPU
		{BA98F161-473F-4FC6-873C-8FCFFBB86B48}.AppStore|iPhone.ActiveCfg = Debug|Any CPU
		{BA98F161-473F-4FC6-873C-8FCFFBB86B48}.AppStore|iPhone.Build.0 = Debug|Any CPU
		{9F343AA2-FB82-4323-85C3-2C42B9B9773C}.Debug|Any CPU.ActiveCfg = Debug|iPhoneSimulator
		{9F343AA2-FB82-4323-85C3-2C42B9B9773C}.Debug|Any CPU.Build.0 = Debug|iPhoneSimulator
		{9F343AA2-FB82-4323-85C3-2C42B9B9773C}.Release|Any CPU.ActiveCfg = Release|iPhoneSimulator
		{9F343AA2-FB82-4323-85C3-2C42B9B9773C}.Release|Any CPU.Build.0 = Release|iPhoneSimulator
		{9F343AA2-FB82-4323-85C3-2C42B9B9773C}.Debug|iPhoneSimulator.ActiveCfg = Debug|iPhoneSimulator
		{9F343AA2-FB82-4323-85C3-2C42B9B9773C}.Debug|iPhoneSimulator.Build.0 = Debug|iPhoneSimulator
		{9F343AA2-FB82-4323-85C3-2C42B9B9773C}.Release|iPhoneSimulator.ActiveCfg = Release|iPhoneSimulator
		{9F343AA2-FB82-4323-85C3-2C42B9B9773C}.Release|iPhoneSimulator.Build.0 = Release|iPhoneSimulator
		{9F343AA2-FB82-4323-85C3-2C42B9B9773C}.Debug|iPhone.ActiveCfg = Debug|iPhone
		{9F343AA2-FB82-4323-85C3-2C42B9B9773C}.Debug|iPhone.Build.0 = Debug|iPhone
		{9F343AA2-FB82-4323-85C3-2C42B9B9773C}.Release|iPhone.ActiveCfg = Release|iPhone
		{9F343AA2-FB82-4323-85C3-2C42B9B9773C}.Release|iPhone.Build.0 = Release|iPhone
		{9F343AA2-FB82-4323-85C3-2C42B9B9773C}.Ad-Hoc|iPhone.ActiveCfg = Ad-Hoc|iPhone
		{9F343AA2-FB82-4323-85C3-2C42B9B9773C}.Ad-Hoc|iPhone.Build.0 = Ad-Hoc|iPhone
		{9F343AA2-FB82-4323-85C3-2C42B9B9773C}.AppStore|iPhone.ActiveCfg = AppStore|iPhone
		{9F343AA2-FB82-4323-85C3-2C42B9B9773C}.AppStore|iPhone.Build.0 = AppStore|iPhone
		{B19C892E-2628-4CA7-AD27-08D406A3B14B}.Debug|Any CPU.ActiveCfg = Debug|Any CPU
		{B19C892E-2628-4CA7-AD27-08D406A3B14B}.Debug|Any CPU.Build.0 = Debug|Any CPU
		{B19C892E-2628-4CA7-AD27-08D406A3B14B}.Release|Any CPU.ActiveCfg = Release|Any CPU
		{B19C892E-2628-4CA7-AD27-08D406A3B14B}.Release|Any CPU.Build.0 = Release|Any CPU
		{B19C892E-2628-4CA7-AD27-08D406A3B14B}.Debug|iPhoneSimulator.ActiveCfg = Debug|Any CPU
		{B19C892E-2628-4CA7-AD27-08D406A3B14B}.Debug|iPhoneSimulator.Build.0 = Debug|Any CPU
		{B19C892E-2628-4CA7-AD27-08D406A3B14B}.Release|iPhoneSimulator.ActiveCfg = Release|Any CPU
		{B19C892E-2628-4CA7-AD27-08D406A3B14B}.Release|iPhoneSimulator.Build.0 = Release|Any CPU
		{B19C892E-2628-4CA7-AD27-08D406A3B14B}.Debug|iPhone.ActiveCfg = Debug|Any CPU
		{B19C892E-2628-4CA7-AD27-08D406A3B14B}.Debug|iPhone.Build.0 = Debug|Any CPU
		{B19C892E-2628-4CA7-AD27-08D406A3B14B}.Release|iPhone.ActiveCfg = Release|Any CPU
		{B19C892E-2628-4CA7-AD27-08D406A3B14B}.Release|iPhone.Build.0 = Release|Any CPU
		{B19C892E-2628-4CA7-AD27-08D406A3B14B}.Ad-Hoc|iPhone.ActiveCfg = Debug|Any CPU
		{B19C892E-2628-4CA7-AD27-08D406A3B14B}.Ad-Hoc|iPhone.Build.0 = Debug|Any CPU
		{B19C892E-2628-4CA7-AD27-08D406A3B14B}.AppStore|iPhone.ActiveCfg = Debug|Any CPU
		{B19C892E-2628-4CA7-AD27-08D406A3B14B}.AppStore|iPhone.Build.0 = Debug|Any CPU
		{4D5C91D6-6C2C-4EA5-9E48-9188A4875BCF}.Debug|Any CPU.ActiveCfg = Debug|Any CPU
		{4D5C91D6-6C2C-4EA5-9E48-9188A4875BCF}.Debug|Any CPU.Build.0 = Debug|Any CPU
		{4D5C91D6-6C2C-4EA5-9E48-9188A4875BCF}.Release|Any CPU.ActiveCfg = Release|Any CPU
		{4D5C91D6-6C2C-4EA5-9E48-9188A4875BCF}.Release|Any CPU.Build.0 = Release|Any CPU
		{4D5C91D6-6C2C-4EA5-9E48-9188A4875BCF}.Debug|iPhoneSimulator.ActiveCfg = Debug|Any CPU
		{4D5C91D6-6C2C-4EA5-9E48-9188A4875BCF}.Debug|iPhoneSimulator.Build.0 = Debug|Any CPU
		{4D5C91D6-6C2C-4EA5-9E48-9188A4875BCF}.Release|iPhoneSimulator.ActiveCfg = Release|Any CPU
		{4D5C91D6-6C2C-4EA5-9E48-9188A4875BCF}.Release|iPhoneSimulator.Build.0 = Release|Any CPU
		{4D5C91D6-6C2C-4EA5-9E48-9188A4875BCF}.Debug|iPhone.ActiveCfg = Debug|Any CPU
		{4D5C91D6-6C2C-4EA5-9E48-9188A4875BCF}.Debug|iPhone.Build.0 = Debug|Any CPU
		{4D5C91D6-6C2C-4EA5-9E48-9188A4875BCF}.Release|iPhone.ActiveCfg = Release|Any CPU
		{4D5C91D6-6C2C-4EA5-9E48-9188A4875BCF}.Release|iPhone.Build.0 = Release|Any CPU
		{4D5C91D6-6C2C-4EA5-9E48-9188A4875BCF}.Ad-Hoc|iPhone.ActiveCfg = Debug|Any CPU
		{4D5C91D6-6C2C-4EA5-9E48-9188A4875BCF}.Ad-Hoc|iPhone.Build.0 = Debug|Any CPU
		{4D5C91D6-6C2C-4EA5-9E48-9188A4875BCF}.AppStore|iPhone.ActiveCfg = Debug|Any CPU
		{4D5C91D6-6C2C-4EA5-9E48-9188A4875BCF}.AppStore|iPhone.Build.0 = Debug|Any CPU
	EndGlobalSection
EndGlobal
